
Microsoft Visual Studio Solution File, Format Version 12.00
# Visual Studio Version 17
VisualStudioVersion = 17.0.32014.148
MinimumVisualStudioVersion = 10.0.40219.1
Project("{9A19103F-16F7-4668-BE54-9A1E7A4F7556}") = "SolrDotNet", "src\SolrDotNet\SolrDotNet.csproj", "{E945AABA-2779-41E8-9B43-8898FFD64F22}"
EndProject
Project("{9A19103F-16F7-4668-BE54-9A1E7A4F7556}") = "SolrDotNet.Tests", "src\SolrDotNet.Tests\SolrDotNet.Tests.csproj", "{0F9B9BC6-9F86-40E8-BA9B-D27BF3AC7970}"
EndProject
Project("{9A19103F-16F7-4668-BE54-9A1E7A4F7556}") = "SolrDotNet.Tests.Performance", "src\SolrDotNet.Tests.Performance\SolrDotNet.Tests.Performance.csproj", "{F7035FC5-8658-42AC-9317-749CC089C262}"
EndProject
Project("{9A19103F-16F7-4668-BE54-9A1E7A4F7556}") = "_build", "build\_build.csproj", "{AD88EB36-E919-4948-855E-2223B5826AA7}"
EndProject
Project("{2150E333-8FDC-42A3-9474-1A3956D46DE8}") = "Solution Items", "Solution Items", "{2B9D74C1-4148-46EF-B3FE-7357839FAF40}"
	ProjectSection(SolutionItems) = preProject
		README.md = README.md
		RELEASE_NOTES.md = RELEASE_NOTES.md
	EndProjectSection
EndProject
Project("{2150E333-8FDC-42A3-9474-1A3956D46DE8}") = "src", "src", "{29E696D9-F3AE-4B14-8C5F-68AA4D3DC56F}"
EndProject
Project("{FAE04EC0-301F-11D3-BF4B-00C04F79EFBC}") = "SolrDotNet.Cloud", "src\SolrDotNet.Cloud\SolrDotNet.Cloud.csproj", "{07E6D1E9-C92F-43A1-B170-71C3707CF296}"
EndProject
Project("{FAE04EC0-301F-11D3-BF4B-00C04F79EFBC}") = "SolrDotNet.Cloud.AspNetCore", "src\SolrDotNet.Cloud.AspNetCore\SolrDotNet.Cloud.AspNetCore.csproj", "{2E55E75B-19B7-4F2C-9F30-1C6ED1043D36}"
EndProject
Global
	GlobalSection(SolutionConfigurationPlatforms) = preSolution
		Debug|Any CPU = Debug|Any CPU
		Release|Any CPU = Release|Any CPU
	EndGlobalSection
	GlobalSection(ProjectConfigurationPlatforms) = postSolution
		{E945AABA-2779-41E8-9B43-8898FFD64F22}.Debug|Any CPU.ActiveCfg = Debug|Any CPU
		{E945AABA-2779-41E8-9B43-8898FFD64F22}.Debug|Any CPU.Build.0 = Debug|Any CPU
		{E945AABA-2779-41E8-9B43-8898FFD64F22}.Release|Any CPU.ActiveCfg = Release|Any CPU
		{E945AABA-2779-41E8-9B43-8898FFD64F22}.Release|Any CPU.Build.0 = Release|Any CPU
		{0F9B9BC6-9F86-40E8-BA9B-D27BF3AC7970}.Debug|Any CPU.ActiveCfg = Debug|Any CPU
		{0F9B9BC6-9F86-40E8-BA9B-D27BF3AC7970}.Debug|Any CPU.Build.0 = Debug|Any CPU
		{0F9B9BC6-9F86-40E8-BA9B-D27BF3AC7970}.Release|Any CPU.ActiveCfg = Release|Any CPU
		{0F9B9BC6-9F86-40E8-BA9B-D27BF3AC7970}.Release|Any CPU.Build.0 = Release|Any CPU
		{F7035FC5-8658-42AC-9317-749CC089C262}.Debug|Any CPU.ActiveCfg = Debug|Any CPU
		{F7035FC5-8658-42AC-9317-749CC089C262}.Debug|Any CPU.Build.0 = Debug|Any CPU
		{F7035FC5-8658-42AC-9317-749CC089C262}.Release|Any CPU.ActiveCfg = Release|Any CPU
		{F7035FC5-8658-42AC-9317-749CC089C262}.Release|Any CPU.Build.0 = Release|Any CPU
		{AD88EB36-E919-4948-855E-2223B5826AA7}.Debug|Any CPU.ActiveCfg = Debug|Any CPU
		{AD88EB36-E919-4948-855E-2223B5826AA7}.Release|Any CPU.ActiveCfg = Release|Any CPU
		{07E6D1E9-C92F-43A1-B170-71C3707CF296}.Debug|Any CPU.ActiveCfg = Debug|Any CPU
		{07E6D1E9-C92F-43A1-B170-71C3707CF296}.Debug|Any CPU.Build.0 = Debug|Any CPU
		{07E6D1E9-C92F-43A1-B170-71C3707CF296}.Release|Any CPU.ActiveCfg = Release|Any CPU
		{07E6D1E9-C92F-43A1-B170-71C3707CF296}.Release|Any CPU.Build.0 = Release|Any CPU
		{2E55E75B-19B7-4F2C-9F30-1C6ED1043D36}.Debug|Any CPU.ActiveCfg = Debug|Any CPU
		{2E55E75B-19B7-4F2C-9F30-1C6ED1043D36}.Debug|Any CPU.Build.0 = Debug|Any CPU
		{2E55E75B-19B7-4F2C-9F30-1C6ED1043D36}.Release|Any CPU.ActiveCfg = Release|Any CPU
		{2E55E75B-19B7-4F2C-9F30-1C6ED1043D36}.Release|Any CPU.Build.0 = Release|Any CPU
	EndGlobalSection
	GlobalSection(SolutionProperties) = preSolution
		HideSolutionNode = FALSE
	EndGlobalSection
	GlobalSection(ExtensibilityGlobals) = postSolution
		SolutionGuid = {B99E6BB8-642A-4A68-86DF-69567CBA700A}
	EndGlobalSection
	GlobalSection(NestedProjects) = preSolution
		{07E6D1E9-C92F-43A1-B170-71C3707CF296} = {29E696D9-F3AE-4B14-8C5F-68AA4D3DC56F}
		{2E55E75B-19B7-4F2C-9F30-1C6ED1043D36} = {29E696D9-F3AE-4B14-8C5F-68AA4D3DC56F}
	EndGlobalSection
EndGlobal
